
Microsoft Visual Studio Solution File, Format Version 11.00
# Visual Studio 2010
Project("{8BC9CEB8-8B4A-11D0-8D11-00A0C91BC942}") = "ArchiveLookup", "..\GUI\ArchiveLookup\ArchiveLookup.vcxproj", "{A8D1EB21-0EB6-480E-3092-6827D53405C1}"
	ProjectSection(ProjectDependencies) = postProject
		{2B2F1569-51A2-98A4-69DA-94427384C2E6} = {2B2F1569-51A2-98A4-69DA-94427384C2E6}
		{F4C8FDCC-33CE-DBF2-8321-C579023C027C} = {F4C8FDCC-33CE-DBF2-8321-C579023C027C}
		{09968134-0007-9EB0-6177-0B8FBD9A62F9} = {09968134-0007-9EB0-6177-0B8FBD9A62F9}
		{C075BC10-A1FE-0E34-2575-EC5E38BAD736} = {C075BC10-A1FE-0E34-2575-EC5E38BAD736}
		{C94781A2-4980-8793-45AD-522E28B68742} = {C94781A2-4980-8793-45AD-522E28B68742}
		{F4D8449B-33A2-016D-9CF6-5F4D7224E4A6} = {F4D8449B-33A2-016D-9CF6-5F4D7224E4A6}
	EndProjectSection
EndProject
Project("{8BC9CEB8-8B4A-11D0-8D11-00A0C91BC942}") = "Atp", "..\GUI\ATP\Atp.vcxproj", "{B69114EC-E469-35A6-2CB3-2FDAE2779CD1}"
	ProjectSection(ProjectDependencies) = postProject
		{8CCC3E49-1BBC-589D-A695-76E857793EDE} = {8CCC3E49-1BBC-589D-A695-76E857793EDE}
		{D043B42A-DD42-697F-82F0-0BAC0B942C77} = {D043B42A-DD42-697F-82F0-0BAC0B942C77}
		{FF1D0EBB-365B-DDC3-84EC-3D15A94D4CDB} = {FF1D0EBB-365B-DDC3-84EC-3D15A94D4CDB}
	EndProjectSection
EndProject
Project("{8BC9CEB8-8B4A-11D0-8D11-00A0C91BC942}") = "DBFToolWindows", "..\GUI\DBFToolWindows\DBFToolWindows.vcxproj", "{FF1D0EBB-365B-DDC3-84EC-3D15A94D4CDB}"
	ProjectSection(ProjectDependencies) = postProject
		{D043B42A-DD42-697F-82F0-0BAC0B942C77} = {D043B42A-DD42-697F-82F0-0BAC0B942C77}
	EndProjectSection
EndProject
Project("{8BC9CEB8-8B4A-11D0-8D11-00A0C91BC942}") = "pte", "..\Libraries\core_win95\pte\pte.vcxproj", "{C94781A2-4980-8793-45AD-522E28B68742}"
	ProjectSection(ProjectDependencies) = postProject
		{F4D8449B-33A2-016D-9CF6-5F4D7224E4A6} = {F4D8449B-33A2-016D-9CF6-5F4D7224E4A6}
	EndProjectSection
EndProject
Project("{8BC9CEB8-8B4A-11D0-8D11-00A0C91BC942}") = "PinDlg", "..\GUI\pindlg\PinDlg.vcxproj", "{1D1F2E54-DE48-331E-48CB-2485020CB798}"
	ProjectSection(ProjectDependencies) = postProject
		{09968134-0007-9EB0-6177-0B8FBD9A62F9} = {09968134-0007-9EB0-6177-0B8FBD9A62F9}
	EndProjectSection
EndProject
Project("{8BC9CEB8-8B4A-11D0-8D11-00A0C91BC942}") = "Shmlib", "..\Libraries\Application_Win95\Shmlib\Shmlib.vcxproj", "{F4D8449B-33A2-016D-9CF6-5F4D7224E4A6}"
	ProjectSection(ProjectDependencies) = postProject
		{F4C8FDCC-33CE-DBF2-8321-C579023C027C} = {F4C8FDCC-33CE-DBF2-8321-C579023C027C}
	EndProjectSection
EndProject
Project("{8BC9CEB8-8B4A-11D0-8D11-00A0C91BC942}") = "TranPosSearch", "..\GUI\TranPosLookup\TranPosSearch.vcxproj", "{0F2CF191-6079-CF90-050F-75ED47D53BB7}"
	ProjectSection(ProjectDependencies) = postProject
		{D874E75D-B05B-1C3C-CD19-D2762B8DCC8F} = {D874E75D-B05B-1C3C-CD19-D2762B8DCC8F}
	EndProjectSection
EndProject
Project("{8BC9CEB8-8B4A-11D0-8D11-00A0C91BC942}") = "TranSearch", "..\GUI\TranLookup\TranSearch.vcxproj", "{EB9E6CF5-A81D-C93A-BECD-0BC75476C0A3}"
	ProjectSection(ProjectDependencies) = postProject
		{D874E75D-B05B-1C3C-CD19-D2762B8DCC8F} = {D874E75D-B05B-1C3C-CD19-D2762B8DCC8F}
	EndProjectSection
EndProject
Project("{8BC9CEB8-8B4A-11D0-8D11-00A0C91BC942}") = "VoiceAuthorization", "..\GUI\Voice\VoiceAuthorization.vcxproj", "{D043B42A-DD42-697F-82F0-0BAC0B942C77}"
	ProjectSection(ProjectDependencies) = postProject
		{EB9E6CF5-A81D-C93A-BECD-0BC75476C0A3} = {EB9E6CF5-A81D-C93A-BECD-0BC75476C0A3}
	EndProjectSection
EndProject
Project("{8BC9CEB8-8B4A-11D0-8D11-00A0C91BC942}") = "UserStatusControl", "..\GUI\UserStatusControl\UserStatusControl.vcxproj", "{942F0591-FF76-B462-1E95-FF6258B950C3}"
	ProjectSection(ProjectDependencies) = postProject
		{EB9E6CF5-A81D-C93A-BECD-0BC75476C0A3} = {EB9E6CF5-A81D-C93A-BECD-0BC75476C0A3}
	EndProjectSection
EndProject
Project("{8BC9CEB8-8B4A-11D0-8D11-00A0C91BC942}") = "Atptcp", "..\Libraries\Application_Win95\atptcp\Atptcp.vcxproj", "{09968134-0007-9EB0-6177-0B8FBD9A62F9}"
	ProjectSection(ProjectDependencies) = postProject
		{2B2F1569-51A2-98A4-69DA-94427384C2E6} = {2B2F1569-51A2-98A4-69DA-94427384C2E6}
	EndProjectSection
EndProject
Project("{8BC9CEB8-8B4A-11D0-8D11-00A0C91BC942}") = "Monitor", "..\GUI\Monitor\Monitor.vcxproj", "{91111CB9-2E4D-481D-72ED-7E6751770A92}"
	ProjectSection(ProjectDependencies) = postProject
		{1D1F2E54-DE48-331E-48CB-2485020CB798} = {1D1F2E54-DE48-331E-48CB-2485020CB798}
	EndProjectSection
EndProject
Project("{8BC9CEB8-8B4A-11D0-8D11-00A0C91BC942}") = "mutexlib", "..\Libraries\Application_Win95\mutexlib\mutexlib.vcxproj", "{F4C8FDCC-33CE-DBF2-8321-C579023C027C}"
	ProjectSection(ProjectDependencies) = postProject
		{C075BC10-A1FE-0E34-2575-EC5E38BAD736} = {C075BC10-A1FE-0E34-2575-EC5E38BAD736}
	EndProjectSection
EndProject
Project("{8BC9CEB8-8B4A-11D0-8D11-00A0C91BC942}") = "ptepci", "..\Libraries\Application_Win95\ptepci\ptepci.vcxproj", "{C075BC10-A1FE-0E34-2575-EC5E38BAD736}"
EndProject
Project("{8BC9CEB8-8B4A-11D0-8D11-00A0C91BC942}") = "Ptetcp", "..\Libraries\core_win95\ptetcp\Ptetcp.vcxproj", "{2B2F1569-51A2-98A4-69DA-94427384C2E6}"
	ProjectSection(ProjectDependencies) = postProject
		{C94781A2-4980-8793-45AD-522E28B68742} = {C94781A2-4980-8793-45AD-522E28B68742}
	EndProjectSection
EndProject
Project("{8BC9CEB8-8B4A-11D0-8D11-00A0C91BC942}") = "srvcmon", "..\GUI\srvcmon\srvcmon.vcxproj", "{D874E75D-B05B-1C3C-CD19-D2762B8DCC8F}"
	ProjectSection(ProjectDependencies) = postProject
		{91111CB9-2E4D-481D-72ED-7E6751770A92} = {91111CB9-2E4D-481D-72ED-7E6751770A92}
	EndProjectSection
EndProject
Project("{8BC9CEB8-8B4A-11D0-8D11-00A0C91BC942}") = "stipmgr", "..\GUI\STIP Manager\stipmgr.vcxproj", "{8CCC3E49-1BBC-589D-A695-76E857793EDE}"
	ProjectSection(ProjectDependencies) = postProject
		{EB9E6CF5-A81D-C93A-BECD-0BC75476C0A3} = {EB9E6CF5-A81D-C93A-BECD-0BC75476C0A3}
	EndProjectSection
EndProject
Project("{8BC9CEB8-8B4A-11D0-8D11-00A0C91BC942}") = "MonitorDco", "..\GUI\MonitorDco\MonitorDco.vcxproj", "{F8644A27-B04A-C46F-43B0-56F2EA4663FC}"
	ProjectSection(ProjectDependencies) = postProject
		{2B2F1569-51A2-98A4-69DA-94427384C2E6} = {2B2F1569-51A2-98A4-69DA-94427384C2E6}
		{09968134-0007-9EB0-6177-0B8FBD9A62F9} = {09968134-0007-9EB0-6177-0B8FBD9A62F9}
		{C075BC10-A1FE-0E34-2575-EC5E38BAD736} = {C075BC10-A1FE-0E34-2575-EC5E38BAD736}
		{C94781A2-4980-8793-45AD-522E28B68742} = {C94781A2-4980-8793-45AD-522E28B68742}
	EndProjectSection
EndProject
Global
	GlobalSection(SolutionConfigurationPlatforms) = preSolution
		Debug|Win32 = Debug|Win32
		Release|Win32 = Release|Win32
		Template|Win32 = Template|Win32
	EndGlobalSection
	GlobalSection(ProjectConfigurationPlatforms) = postSolution
		{A8D1EB21-0EB6-480E-3092-6827D53405C1}.Debug|Win32.ActiveCfg = Debug|Win32
		{A8D1EB21-0EB6-480E-3092-6827D53405C1}.Debug|Win32.Build.0 = Debug|Win32
		{A8D1EB21-0EB6-480E-3092-6827D53405C1}.Release|Win32.ActiveCfg = Release|Win32
		{A8D1EB21-0EB6-480E-3092-6827D53405C1}.Release|Win32.Build.0 = Release|Win32
		{A8D1EB21-0EB6-480E-3092-6827D53405C1}.Template|Win32.ActiveCfg = Release|Win32
		{A8D1EB21-0EB6-480E-3092-6827D53405C1}.Template|Win32.Build.0 = Release|Win32
		{B69114EC-E469-35A6-2CB3-2FDAE2779CD1}.Debug|Win32.ActiveCfg = Debug|Win32
		{B69114EC-E469-35A6-2CB3-2FDAE2779CD1}.Debug|Win32.Build.0 = Debug|Win32
		{B69114EC-E469-35A6-2CB3-2FDAE2779CD1}.Release|Win32.ActiveCfg = Release|Win32
		{B69114EC-E469-35A6-2CB3-2FDAE2779CD1}.Release|Win32.Build.0 = Release|Win32
		{B69114EC-E469-35A6-2CB3-2FDAE2779CD1}.Template|Win32.ActiveCfg = Template|Win32
		{B69114EC-E469-35A6-2CB3-2FDAE2779CD1}.Template|Win32.Build.0 = Template|Win32
		{FF1D0EBB-365B-DDC3-84EC-3D15A94D4CDB}.Debug|Win32.ActiveCfg = Debug|Win32
		{FF1D0EBB-365B-DDC3-84EC-3D15A94D4CDB}.Debug|Win32.Build.0 = Debug|Win32
		{FF1D0EBB-365B-DDC3-84EC-3D15A94D4CDB}.Release|Win32.ActiveCfg = Release|Win32
		{FF1D0EBB-365B-DDC3-84EC-3D15A94D4CDB}.Release|Win32.Build.0 = Release|Win32
		{FF1D0EBB-365B-DDC3-84EC-3D15A94D4CDB}.Template|Win32.ActiveCfg = Template|Win32
		{FF1D0EBB-365B-DDC3-84EC-3D15A94D4CDB}.Template|Win32.Build.0 = Template|Win32
		{C94781A2-4980-8793-45AD-522E28B68742}.Debug|Win32.ActiveCfg = Debug|Win32
		{C94781A2-4980-8793-45AD-522E28B68742}.Debug|Win32.Build.0 = Debug|Win32
		{C94781A2-4980-8793-45AD-522E28B68742}.Release|Win32.ActiveCfg = Release|Win32
		{C94781A2-4980-8793-45AD-522E28B68742}.Release|Win32.Build.0 = Release|Win32
		{C94781A2-4980-8793-45AD-522E28B68742}.Template|Win32.ActiveCfg = Template|Win32
		{C94781A2-4980-8793-45AD-522E28B68742}.Template|Win32.Build.0 = Template|Win32
		{1D1F2E54-DE48-331E-48CB-2485020CB798}.Debug|Win32.ActiveCfg = Debug|Win32
		{1D1F2E54-DE48-331E-48CB-2485020CB798}.Debug|Win32.Build.0 = Debug|Win32
		{1D1F2E54-DE48-331E-48CB-2485020CB798}.Release|Win32.ActiveCfg = Release|Win32
		{1D1F2E54-DE48-331E-48CB-2485020CB798}.Release|Win32.Build.0 = Release|Win32
		{1D1F2E54-DE48-331E-48CB-2485020CB798}.Template|Win32.ActiveCfg = Template|Win32
		{1D1F2E54-DE48-331E-48CB-2485020CB798}.Template|Win32.Build.0 = Template|Win32
		{F4D8449B-33A2-016D-9CF6-5F4D7224E4A6}.Debug|Win32.ActiveCfg = Debug|Win32
		{F4D8449B-33A2-016D-9CF6-5F4D7224E4A6}.Debug|Win32.Build.0 = Debug|Win32
		{F4D8449B-33A2-016D-9CF6-5F4D7224E4A6}.Release|Win32.ActiveCfg = Release|Win32
		{F4D8449B-33A2-016D-9CF6-5F4D7224E4A6}.Release|Win32.Build.0 = Release|Win32
		{F4D8449B-33A2-016D-9CF6-5F4D7224E4A6}.Template|Win32.ActiveCfg = Template|Win32
		{F4D8449B-33A2-016D-9CF6-5F4D7224E4A6}.Template|Win32.Build.0 = Template|Win32
		{0F2CF191-6079-CF90-050F-75ED47D53BB7}.Debug|Win32.ActiveCfg = Debug|Win32
		{0F2CF191-6079-CF90-050F-75ED47D53BB7}.Debug|Win32.Build.0 = Debug|Win32
		{0F2CF191-6079-CF90-050F-75ED47D53BB7}.Release|Win32.ActiveCfg = Release|Win32
		{0F2CF191-6079-CF90-050F-75ED47D53BB7}.Release|Win32.Build.0 = Release|Win32
		{0F2CF191-6079-CF90-050F-75ED47D53BB7}.Template|Win32.ActiveCfg = Template|Win32
		{0F2CF191-6079-CF90-050F-75ED47D53BB7}.Template|Win32.Build.0 = Template|Win32
		{EB9E6CF5-A81D-C93A-BECD-0BC75476C0A3}.Debug|Win32.ActiveCfg = Debug|Win32
		{EB9E6CF5-A81D-C93A-BECD-0BC75476C0A3}.Debug|Win32.Build.0 = Debug|Win32
		{EB9E6CF5-A81D-C93A-BECD-0BC75476C0A3}.Release|Win32.ActiveCfg = Release|Win32
		{EB9E6CF5-A81D-C93A-BECD-0BC75476C0A3}.Release|Win32.Build.0 = Release|Win32
		{EB9E6CF5-A81D-C93A-BECD-0BC75476C0A3}.Template|Win32.ActiveCfg = Template|Win32
		{EB9E6CF5-A81D-C93A-BECD-0BC75476C0A3}.Template|Win32.Build.0 = Template|Win32
		{D043B42A-DD42-697F-82F0-0BAC0B942C77}.Debug|Win32.ActiveCfg = Debug|Win32
		{D043B42A-DD42-697F-82F0-0BAC0B942C77}.Debug|Win32.Build.0 = Debug|Win32
		{D043B42A-DD42-697F-82F0-0BAC0B942C77}.Release|Win32.ActiveCfg = Release|Win32
		{D043B42A-DD42-697F-82F0-0BAC0B942C77}.Release|Win32.Build.0 = Release|Win32
		{D043B42A-DD42-697F-82F0-0BAC0B942C77}.Template|Win32.ActiveCfg = Template|Win32
		{D043B42A-DD42-697F-82F0-0BAC0B942C77}.Template|Win32.Build.0 = Template|Win32
		{942F0591-FF76-B462-1E95-FF6258B950C3}.Debug|Win32.ActiveCfg = Debug|Win32
		{942F0591-FF76-B462-1E95-FF6258B950C3}.Debug|Win32.Build.0 = Debug|Win32
		{942F0591-FF76-B462-1E95-FF6258B950C3}.Release|Win32.ActiveCfg = Release|Win32
		{942F0591-FF76-B462-1E95-FF6258B950C3}.Release|Win32.Build.0 = Release|Win32
		{942F0591-FF76-B462-1E95-FF6258B950C3}.Template|Win32.ActiveCfg = Template|Win32
		{942F0591-FF76-B462-1E95-FF6258B950C3}.Template|Win32.Build.0 = Template|Win32
		{09968134-0007-9EB0-6177-0B8FBD9A62F9}.Debug|Win32.ActiveCfg = Debug|Win32
		{09968134-0007-9EB0-6177-0B8FBD9A62F9}.Debug|Win32.Build.0 = Debug|Win32
		{09968134-0007-9EB0-6177-0B8FBD9A62F9}.Release|Win32.ActiveCfg = Release|Win32
		{09968134-0007-9EB0-6177-0B8FBD9A62F9}.Release|Win32.Build.0 = Release|Win32
		{09968134-0007-9EB0-6177-0B8FBD9A62F9}.Template|Win32.ActiveCfg = Template|Win32
		{09968134-0007-9EB0-6177-0B8FBD9A62F9}.Template|Win32.Build.0 = Template|Win32
		{91111CB9-2E4D-481D-72ED-7E6751770A92}.Debug|Win32.ActiveCfg = Debug|Win32
		{91111CB9-2E4D-481D-72ED-7E6751770A92}.Debug|Win32.Build.0 = Debug|Win32
		{91111CB9-2E4D-481D-72ED-7E6751770A92}.Release|Win32.ActiveCfg = Release|Win32
		{91111CB9-2E4D-481D-72ED-7E6751770A92}.Release|Win32.Build.0 = Release|Win32
		{91111CB9-2E4D-481D-72ED-7E6751770A92}.Template|Win32.ActiveCfg = Template|Win32
		{91111CB9-2E4D-481D-72ED-7E6751770A92}.Template|Win32.Build.0 = Template|Win32
		{F4C8FDCC-33CE-DBF2-8321-C579023C027C}.Debug|Win32.ActiveCfg = Debug|Win32
		{F4C8FDCC-33CE-DBF2-8321-C579023C027C}.Debug|Win32.Build.0 = Debug|Win32
		{F4C8FDCC-33CE-DBF2-8321-C579023C027C}.Release|Win32.ActiveCfg = Release|Win32
		{F4C8FDCC-33CE-DBF2-8321-C579023C027C}.Release|Win32.Build.0 = Release|Win32
		{F4C8FDCC-33CE-DBF2-8321-C579023C027C}.Template|Win32.ActiveCfg = Template|Win32
		{F4C8FDCC-33CE-DBF2-8321-C579023C027C}.Template|Win32.Build.0 = Template|Win32
		{C075BC10-A1FE-0E34-2575-EC5E38BAD736}.Debug|Win32.ActiveCfg = Debug|Win32
		{C075BC10-A1FE-0E34-2575-EC5E38BAD736}.Debug|Win32.Build.0 = Debug|Win32
		{C075BC10-A1FE-0E34-2575-EC5E38BAD736}.Release|Win32.ActiveCfg = Release|Win32
		{C075BC10-A1FE-0E34-2575-EC5E38BAD736}.Release|Win32.Build.0 = Release|Win32
		{C075BC10-A1FE-0E34-2575-EC5E38BAD736}.Template|Win32.ActiveCfg = Template|Win32
		{C075BC10-A1FE-0E34-2575-EC5E38BAD736}.Template|Win32.Build.0 = Template|Win32
		{2B2F1569-51A2-98A4-69DA-94427384C2E6}.Debug|Win32.ActiveCfg = Debug|Win32
		{2B2F1569-51A2-98A4-69DA-94427384C2E6}.Debug|Win32.Build.0 = Debug|Win32
		{2B2F1569-51A2-98A4-69DA-94427384C2E6}.Release|Win32.ActiveCfg = Release|Win32
		{2B2F1569-51A2-98A4-69DA-94427384C2E6}.Release|Win32.Build.0 = Release|Win32
		{2B2F1569-51A2-98A4-69DA-94427384C2E6}.Template|Win32.ActiveCfg = Template|Win32
		{2B2F1569-51A2-98A4-69DA-94427384C2E6}.Template|Win32.Build.0 = Template|Win32
		{D874E75D-B05B-1C3C-CD19-D2762B8DCC8F}.Debug|Win32.ActiveCfg = Debug|Win32
		{D874E75D-B05B-1C3C-CD19-D2762B8DCC8F}.Debug|Win32.Build.0 = Debug|Win32
		{D874E75D-B05B-1C3C-CD19-D2762B8DCC8F}.Release|Win32.ActiveCfg = Release|Win32
		{D874E75D-B05B-1C3C-CD19-D2762B8DCC8F}.Release|Win32.Build.0 = Release|Win32
		{D874E75D-B05B-1C3C-CD19-D2762B8DCC8F}.Template|Win32.ActiveCfg = Template|Win32
		{D874E75D-B05B-1C3C-CD19-D2762B8DCC8F}.Template|Win32.Build.0 = Template|Win32
		{8CCC3E49-1BBC-589D-A695-76E857793EDE}.Debug|Win32.ActiveCfg = Debug|Win32
		{8CCC3E49-1BBC-589D-A695-76E857793EDE}.Debug|Win32.Build.0 = Debug|Win32
		{8CCC3E49-1BBC-589D-A695-76E857793EDE}.Release|Win32.ActiveCfg = Release|Win32
		{8CCC3E49-1BBC-589D-A695-76E857793EDE}.Release|Win32.Build.0 = Release|Win32
		{8CCC3E49-1BBC-589D-A695-76E857793EDE}.Template|Win32.ActiveCfg = Template|Win32
		{8CCC3E49-1BBC-589D-A695-76E857793EDE}.Template|Win32.Build.0 = Template|Win32
		{F8644A27-B04A-C46F-43B0-56F2EA4663FC}.Debug|Win32.ActiveCfg = Debug|Win32
		{F8644A27-B04A-C46F-43B0-56F2EA4663FC}.Debug|Win32.Build.0 = Debug|Win32
		{F8644A27-B04A-C46F-43B0-56F2EA4663FC}.Release|Win32.ActiveCfg = Release|Win32
		{F8644A27-B04A-C46F-43B0-56F2EA4663FC}.Release|Win32.Build.0 = Release|Win32
		{F8644A27-B04A-C46F-43B0-56F2EA4663FC}.Template|Win32.ActiveCfg = Template|Win32
		{F8644A27-B04A-C46F-43B0-56F2EA4663FC}.Template|Win32.Build.0 = Template|Win32
	EndGlobalSection
	GlobalSection(SolutionProperties) = preSolution
		HideSolutionNode = FALSE
	EndGlobalSection
EndGlobal
