<?xml version="1.0" encoding="utf-8"?>
<Project ToolsVersion="4.0" xmlns="http://schemas.microsoft.com/developer/msbuild/2003">
  <ItemGroup>
    <Filter Include="Source Files">
      <UniqueIdentifier>{4da35a2d-e116-42df-82e7-5023cde05f2c}</UniqueIdentifier>
      <Extensions>cpp;c;cxx;rc;def;r;odl;idl;hpj;bat;for;f90</Extensions>
    </Filter>
    <Filter Include="Header Files">
      <UniqueIdentifier>{f559f3c5-8b82-4601-888b-6e3e8ada42ab}</UniqueIdentifier>
      <Extensions>h;hpp;hxx;hm;inl;fi;fd</Extensions>
    </Filter>
    <Filter Include="Resource Files">
      <UniqueIdentifier>{7e023add-f3db-42b8-80be-9f7a9f4db0ec}</UniqueIdentifier>
      <Extensions>ico;cur;bmp;dlg;rc2;rct;bin;cnt;rtf;gif;jpg;jpeg;jpe</Extensions>
    </Filter>
  </ItemGroup>
  <ItemGroup>
    <ClCompile Include="AlphaLookup.cpp">
      <Filter>Source Files</Filter>
    </ClCompile>
    <ClCompile Include="AMEXUPDATES1.cpp">
      <Filter>Source Files</Filter>
    </ClCompile>
    <ClCompile Include="AppDlg.cpp">
      <Filter>Source Files</Filter>
    </ClCompile>
    <ClCompile Include="ArchiveDBPasswords.cpp">
      <Filter>Source Files</Filter>
    </ClCompile>
    <ClCompile Include="Atp.cpp">
      <Filter>Source Files</Filter>
    </ClCompile>
    <ClCompile Include="AtpDoc.cpp">
      <Filter>Source Files</Filter>
    </ClCompile>
    <ClCompile Include="ATPTimedDialog.cpp">
      <Filter>Source Files</Filter>
    </ClCompile>
    <ClCompile Include="AtpView.cpp">
      <Filter>Source Files</Filter>
    </ClCompile>
    <ClCompile Include="BatchDetails.cpp">
      <Filter>Source Files</Filter>
    </ClCompile>
    <ClCompile Include="BinBlocking.cpp">
      <Filter>Source Files</Filter>
    </ClCompile>
    <ClCompile Include="BinDefinition.cpp">
      <Filter>Source Files</Filter>
    </ClCompile>
    <ClCompile Include="BinGeneral.cpp">
      <Filter>Source Files</Filter>
    </ClCompile>
    <ClCompile Include="BinList.cpp">
      <Filter>Source Files</Filter>
    </ClCompile>
    <ClCompile Include="BinMccBlocking.cpp">
      <Filter>Source Files</Filter>
    </ClCompile>
    <ClCompile Include="BinPropertySheet.cpp">
      <Filter>Source Files</Filter>
    </ClCompile>
    <ClCompile Include="CalendarButton.cpp">
      <Filter>Source Files</Filter>
    </ClCompile>
    <ClCompile Include="CalendarPage.cpp">
      <Filter>Source Files</Filter>
    </ClCompile>
    <ClCompile Include="CalendarSheet.cpp">
      <Filter>Source Files</Filter>
    </ClCompile>
    <ClCompile Include="CardDefinition.cpp">
      <Filter>Source Files</Filter>
    </ClCompile>
    <ClCompile Include="CardPlusData.cpp">
      <Filter>Source Files</Filter>
    </ClCompile>
    <ClCompile Include="CardPlusMain.cpp">
      <Filter>Source Files</Filter>
    </ClCompile>
    <ClCompile Include="CardPlusPropSheet.cpp">
      <Filter>Source Files</Filter>
    </ClCompile>
    <ClCompile Include="CardsFleetDefinition.cpp">
      <Filter>Source Files</Filter>
    </ClCompile>
    <ClCompile Include="CardsMerchantLimit.cpp">
      <Filter>Source Files</Filter>
    </ClCompile>
    <ClCompile Include="CardsPinVerification.cpp">
      <Filter>Source Files</Filter>
    </ClCompile>
    <ClCompile Include="CardsPinVerifVisa.cpp">
      <Filter>Source Files</Filter>
    </ClCompile>
    <ClCompile Include="CardsProcessing.cpp">
      <Filter>Source Files</Filter>
    </ClCompile>
    <ClCompile Include="CardsProfile.cpp">
      <Filter>Source Files</Filter>
    </ClCompile>
    <ClCompile Include="CardStatRec.cpp">
      <Filter>Source Files</Filter>
    </ClCompile>
    <ClCompile Include="CardStatus.cpp">
      <Filter>Source Files</Filter>
    </ClCompile>
    <ClCompile Include="CardsTime1.cpp">
      <Filter>Source Files</Filter>
    </ClCompile>
    <ClCompile Include="CardsTime2.cpp">
      <Filter>Source Files</Filter>
    </ClCompile>
    <ClCompile Include="CardsTime3a.cpp">
      <Filter>Source Files</Filter>
    </ClCompile>
    <ClCompile Include="CardsVelocity.cpp">
      <Filter>Source Files</Filter>
    </ClCompile>
    <ClCompile Include="CardTypeDescription.cpp">
      <Filter>Source Files</Filter>
    </ClCompile>
    <ClCompile Include="CardTypePropertySheet.cpp">
      <Filter>Source Files</Filter>
    </ClCompile>
    <ClCompile Include="CashBonus.cpp">
      <Filter>Source Files</Filter>
    </ClCompile>
    <ClCompile Include="CB_Amounts.cpp">
      <Filter>Source Files</Filter>
    </ClCompile>
    <ClCompile Include="CB_Definition.cpp">
      <Filter>Source Files</Filter>
    </ClCompile>
    <ClCompile Include="CB_General.cpp">
      <Filter>Source Files</Filter>
    </ClCompile>
    <ClCompile Include="CB_PropertySheet.cpp">
      <Filter>Source Files</Filter>
    </ClCompile>
    <ClCompile Include="CFActivity.cpp">
      <Filter>Source Files</Filter>
    </ClCompile>
    <ClCompile Include="CFCapability.cpp">
      <Filter>Source Files</Filter>
    </ClCompile>
    <ClCompile Include="CFCardBalAcc.cpp">
      <Filter>Source Files</Filter>
    </ClCompile>
    <ClCompile Include="CFDemogr.cpp">
      <Filter>Source Files</Filter>
    </ClCompile>
    <ClCompile Include="CFGeneral.cpp">
      <Filter>Source Files</Filter>
    </ClCompile>
    <ClCompile Include="CFMain.cpp">
      <Filter>Source Files</Filter>
    </ClCompile>
    <ClCompile Include="CFMerchUsage.cpp">
      <Filter>Source Files</Filter>
    </ClCompile>
    <ClCompile Include="CFSheet.cpp">
      <Filter>Source Files</Filter>
    </ClCompile>
    <ClCompile Include="CFTxHistory.cpp">
      <Filter>Source Files</Filter>
    </ClCompile>
    <ClCompile Include="ChangeHistory.cpp">
      <Filter>Source Files</Filter>
    </ClCompile>
    <ClCompile Include="ChangePassword.cpp">
      <Filter>Source Files</Filter>
    </ClCompile>
    <ClCompile Include="CntryAmtLimits.cpp">
      <Filter>Source Files</Filter>
    </ClCompile>
    <ClCompile Include="Conversion.cpp">
      <Filter>Source Files</Filter>
    </ClCompile>
    <ClCompile Include="ConversionPropertySheet.cpp">
      <Filter>Source Files</Filter>
    </ClCompile>
    <ClCompile Include="CreditPropertySheet.cpp">
      <Filter>Source Files</Filter>
    </ClCompile>
    <ClCompile Include="CurrencyCode.cpp">
      <Filter>Source Files</Filter>
    </ClCompile>
    <ClCompile Include="DAY.CPP">
      <Filter>Source Files</Filter>
    </ClCompile>
    <ClCompile Include="DBPasswords.cpp">
      <Filter>Source Files</Filter>
    </ClCompile>
    <ClCompile Include="DBPasswordsPropertySheet.cpp">
      <Filter>Source Files</Filter>
    </ClCompile>
    <ClCompile Include="DebitPropertySheet.cpp">
      <Filter>Source Files</Filter>
    </ClCompile>
    <ClCompile Include="DeferredDefinition.cpp">
      <Filter>Source Files</Filter>
    </ClCompile>
    <ClCompile Include="DeferredGeneral.cpp">
      <Filter>Source Files</Filter>
    </ClCompile>
    <ClCompile Include="DeferredPropertySheet.cpp">
      <Filter>Source Files</Filter>
    </ClCompile>
    <ClCompile Include="DialogCommSetup.cpp">
      <Filter>Source Files</Filter>
    </ClCompile>
    <ClCompile Include="DialogConfig.cpp">
      <Filter>Source Files</Filter>
    </ClCompile>
    <ClCompile Include="DialogMain.cpp">
      <Filter>Source Files</Filter>
    </ClCompile>
    <ClCompile Include="DialogPropertySheet.cpp">
      <Filter>Source Files</Filter>
    </ClCompile>
    <ClCompile Include="DialogRouter.cpp">
      <Filter>Source Files</Filter>
    </ClCompile>
    <ClCompile Include="DialogTpdu.cpp">
      <Filter>Source Files</Filter>
    </ClCompile>
    <ClCompile Include="DualEncrKeyControl.cpp">
      <Filter>Source Files</Filter>
    </ClCompile>
    <ClCompile Include="DualEnKeyCtrlPropertySheet.cpp">
      <Filter>Source Files</Filter>
    </ClCompile>
    <ClCompile Include="FleetPropertySheet.cpp">
      <Filter>Source Files</Filter>
    </ClCompile>
    <ClCompile Include="FraudGuardDefinition.cpp">
      <Filter>Source Files</Filter>
    </ClCompile>
    <ClCompile Include="FraudGuardGeneral.cpp">
      <Filter>Source Files</Filter>
    </ClCompile>
    <ClCompile Include="FraudGuardPropertySheet.cpp">
      <Filter>Source Files</Filter>
    </ClCompile>
    <ClCompile Include="GroupAccess.cpp">
      <Filter>Source Files</Filter>
    </ClCompile>
    <ClCompile Include="GroupDefinition.cpp">
      <Filter>Source Files</Filter>
    </ClCompile>
    <ClCompile Include="GroupPropertySheet.cpp">
      <Filter>Source Files</Filter>
    </ClCompile>
    <ClCompile Include="GroupWorkstation.cpp">
      <Filter>Source Files</Filter>
    </ClCompile>
    <ClCompile Include="IdleLoginfrm.cpp">
      <Filter>Source Files</Filter>
    </ClCompile>
    <ClCompile Include="JCBUPDATES.cpp">
      <Filter>Source Files</Filter>
    </ClCompile>
    <ClCompile Include="JobDefDlg.cpp">
      <Filter>Source Files</Filter>
    </ClCompile>
    <ClCompile Include="JobDlg.cpp">
      <Filter>Source Files</Filter>
    </ClCompile>
    <ClCompile Include="ListCtrlEx.cpp">
      <Filter>Source Files</Filter>
    </ClCompile>
    <ClCompile Include="ListExCtrl.cpp">
      <Filter>Source Files</Filter>
    </ClCompile>
    <ClCompile Include="Login.cpp">
      <Filter>Source Files</Filter>
    </ClCompile>
    <ClCompile Include="MainFrm.cpp">
      <Filter>Source Files</Filter>
    </ClCompile>
    <ClCompile Include="MCC102.cpp">
      <Filter>Source Files</Filter>
    </ClCompile>
    <ClCompile Include="MCC103.cpp">
      <Filter>Source Files</Filter>
    </ClCompile>
    <ClCompile Include="MCCRangeDefinition.cpp">
      <Filter>Source Files</Filter>
    </ClCompile>
    <ClCompile Include="MerchantBlocking.cpp">
      <Filter>Source Files</Filter>
    </ClCompile>
    <ClCompile Include="MerchantCapabilities.cpp">
      <Filter>Source Files</Filter>
    </ClCompile>
    <ClCompile Include="MerchantContact.cpp">
      <Filter>Source Files</Filter>
    </ClCompile>
    <ClCompile Include="MerchantDefinition.cpp">
      <Filter>Source Files</Filter>
    </ClCompile>
    <ClCompile Include="MerchantGeneral.cpp">
      <Filter>Source Files</Filter>
    </ClCompile>
    <ClCompile Include="MerchantGroupDefinition.cpp">
      <Filter>Source Files</Filter>
    </ClCompile>
    <ClCompile Include="MerchantGroupDefinitionSheet.cpp">
      <Filter>Source Files</Filter>
    </ClCompile>
    <ClCompile Include="MerchantGroupGeneral.cpp">
      <Filter>Source Files</Filter>
    </ClCompile>
    <ClCompile Include="MerchantLocation.cpp">
      <Filter>Source Files</Filter>
    </ClCompile>
    <ClCompile Include="MerchantPayParam.cpp">
      <Filter>Source Files</Filter>
    </ClCompile>
    <ClCompile Include="MerchantPayParamDefinition.cpp">
      <Filter>Source Files</Filter>
    </ClCompile>
    <ClCompile Include="MerchantPayParamSheet.cpp">
      <Filter>Source Files</Filter>
    </ClCompile>
    <ClCompile Include="MerchantPropertySheet.cpp">
      <Filter>Source Files</Filter>
    </ClCompile>
    <ClCompile Include="MerchantSettlement.cpp">
      <Filter>Source Files</Filter>
    </ClCompile>
    <ClCompile Include="MerchantTerminalBatchHistory.cpp">
      <Filter>Source Files</Filter>
    </ClCompile>
    <ClCompile Include="MerchantTerminalConfig.cpp">
      <Filter>Source Files</Filter>
    </ClCompile>
    <ClCompile Include="MerchantTerminalCUPCurrentBatch.cpp">
      <Filter>Source Files</Filter>
    </ClCompile>
    <ClCompile Include="MerchantTerminalCurrentBatch.cpp">
      <Filter>Source Files</Filter>
    </ClCompile>
    <ClCompile Include="MerchantTerminalGeneral.cpp">
      <Filter>Source Files</Filter>
    </ClCompile>
    <ClCompile Include="MerchantTerminalKeys.cpp">
      <Filter>Source Files</Filter>
    </ClCompile>
    <ClCompile Include="MerchantTerminalPoints.cpp">
      <Filter>Source Files</Filter>
    </ClCompile>
    <ClCompile Include="MerchantTerminalPropertySheet.cpp">
      <Filter>Source Files</Filter>
    </ClCompile>
    <ClCompile Include="MerchantVelocity.cpp">
      <Filter>Source Files</Filter>
    </ClCompile>
    <ClCompile Include="..\Monitor\monitorDoc.cpp">
      <Filter>Source Files</Filter>
    </ClCompile>
    <ClCompile Include="MraDBPasswords.cpp">
      <Filter>Source Files</Filter>
    </ClCompile>
    <ClCompile Include="MyUtils.cpp">
      <Filter>Source Files</Filter>
    </ClCompile>
    <ClCompile Include="NameList.cpp">
      <Filter>Source Files</Filter>
    </ClCompile>
    <ClCompile Include="NegativeBinRange.cpp">
      <Filter>Source Files</Filter>
    </ClCompile>
    <ClCompile Include="NegativeCardFileControl.cpp">
      <Filter>Source Files</Filter>
    </ClCompile>
    <ClCompile Include="NegativeCardFileControlPropertySheet.cpp">
      <Filter>Source Files</Filter>
    </ClCompile>
    <ClCompile Include="NegativeFileDefinition.cpp">
      <Filter>Source Files</Filter>
    </ClCompile>
    <ClCompile Include="NegativeGroupInfo.cpp">
      <Filter>Source Files</Filter>
    </ClCompile>
    <ClCompile Include="NegativeGroupPropertySheet.cpp">
      <Filter>Source Files</Filter>
    </ClCompile>
    <ClCompile Include="NetworkAcquirerPropertySheet.cpp">
      <Filter>Source Files</Filter>
    </ClCompile>
    <ClCompile Include="NetworkDefinition.cpp">
      <Filter>Source Files</Filter>
    </ClCompile>
    <ClCompile Include="NetworkGeneral.cpp">
      <Filter>Source Files</Filter>
    </ClCompile>
    <ClCompile Include="NetworkGeneral1.cpp">
      <Filter>Source Files</Filter>
    </ClCompile>
    <ClCompile Include="NetworkIssuerPropertySheet.cpp">
      <Filter>Source Files</Filter>
    </ClCompile>
    <ClCompile Include="NetworkLogon.cpp">
      <Filter>Source Files</Filter>
    </ClCompile>
    <ClCompile Include="NetworkProcessing.cpp">
      <Filter>Source Files</Filter>
    </ClCompile>
    <ClCompile Include="NetworkTotals.cpp">
      <Filter>Source Files</Filter>
    </ClCompile>
    <ClCompile Include="OverrideMerchantDenial.cpp">
      <Filter>Source Files</Filter>
    </ClCompile>
    <ClCompile Include="OverrideMerchantDenialPropertySheet.cpp">
      <Filter>Source Files</Filter>
    </ClCompile>
    <ClCompile Include="PanDemogrPage.cpp">
      <Filter>Source Files</Filter>
    </ClCompile>
    <ClCompile Include="PanMainPage.cpp">
      <Filter>Source Files</Filter>
    </ClCompile>
    <ClCompile Include="PanProcesPage.cpp">
      <Filter>Source Files</Filter>
    </ClCompile>
    <ClCompile Include="PanPropertySheet.cpp">
      <Filter>Source Files</Filter>
    </ClCompile>
    <ClCompile Include="PanTxPage.cpp">
      <Filter>Source Files</Filter>
    </ClCompile>
    <ClCompile Include="PosEntryModesListDlg.cpp">
      <Filter>Source Files</Filter>
    </ClCompile>
    <ClCompile Include="ProfileDlg.cpp">
      <Filter>Source Files</Filter>
    </ClCompile>
    <ClCompile Include="PurchaseCardDefinition.cpp">
      <Filter>Source Files</Filter>
    </ClCompile>
    <ClCompile Include="PurchaseCardGeneral.cpp">
      <Filter>Source Files</Filter>
    </ClCompile>
    <ClCompile Include="PurchaseCardPropertySheet.cpp">
      <Filter>Source Files</Filter>
    </ClCompile>
    <ClCompile Include="RelatedDefinition.cpp">
      <Filter>Source Files</Filter>
    </ClCompile>
    <ClCompile Include="RelatedGeneral.cpp">
      <Filter>Source Files</Filter>
    </ClCompile>
    <ClCompile Include="RelatedPropertySheet.cpp">
      <Filter>Source Files</Filter>
    </ClCompile>
    <ClCompile Include="SchedulerConfig.cpp">
      <Filter>Source Files</Filter>
    </ClCompile>
    <ClCompile Include="SchedulerPropertySheet.cpp">
      <Filter>Source Files</Filter>
    </ClCompile>
    <ClCompile Include="SchSearch.cpp">
      <Filter>Source Files</Filter>
    </ClCompile>
    <ClCompile Include="SettleFileDefinition.cpp">
      <Filter>Source Files</Filter>
    </ClCompile>
    <ClCompile Include="SettleFilePropertySheet.cpp">
      <Filter>Source Files</Filter>
    </ClCompile>
    <ClCompile Include="SettlePrefixTime.cpp">
      <Filter>Source Files</Filter>
    </ClCompile>
    <ClCompile Include="ShedulerControl.cpp">
      <Filter>Source Files</Filter>
    </ClCompile>
    <ClCompile Include="SrvcMgr.cpp">
      <Filter>Source Files</Filter>
    </ClCompile>
    <ClCompile Include="srvcom_t.c">
      <Filter>Source Files</Filter>
    </ClCompile>
    <ClCompile Include="StdAfx.cpp">
      <Filter>Source Files</Filter>
    </ClCompile>
    <ClCompile Include="SystemGlobalParameterDefinition.cpp">
      <Filter>Source Files</Filter>
    </ClCompile>
    <ClCompile Include="SystemGlobalParameterSheet.cpp">
      <Filter>Source Files</Filter>
    </ClCompile>
    <ClCompile Include="TerminalAutoInit.cpp">
      <Filter>Source Files</Filter>
    </ClCompile>
    <ClCompile Include="TerminalCapabilities.cpp">
      <Filter>Source Files</Filter>
    </ClCompile>
    <ClCompile Include="TerminalValidTransactions.cpp">
      <Filter>Source Files</Filter>
    </ClCompile>
    <ClCompile Include="TransactionDetails.cpp">
      <Filter>Source Files</Filter>
    </ClCompile>
    <ClCompile Include="UserAccess.cpp">
      <Filter>Source Files</Filter>
    </ClCompile>
    <ClCompile Include="UserAccountStatus.cpp">
      <Filter>Source Files</Filter>
    </ClCompile>
    <ClCompile Include="UserAuditLog1.cpp">
      <Filter>Source Files</Filter>
    </ClCompile>
    <ClCompile Include="UserDefinition.cpp">
      <Filter>Source Files</Filter>
    </ClCompile>
    <ClCompile Include="UserPropertySheet.cpp">
      <Filter>Source Files</Filter>
    </ClCompile>
    <ClCompile Include="UsersList.cpp">
      <Filter>Source Files</Filter>
    </ClCompile>
    <ClCompile Include="UserWorkstation.cpp">
      <Filter>Source Files</Filter>
    </ClCompile>
    <ClCompile Include="VoiceAuthInput.cpp">
      <Filter>Source Files</Filter>
    </ClCompile>
    <ClCompile Include="VoiceAuthResponse.cpp">
      <Filter>Source Files</Filter>
    </ClCompile>
    <ClCompile Include="WorkstationDefinition.cpp">
      <Filter>Source Files</Filter>
    </ClCompile>
    <ClCompile Include="WorkstationDescription.cpp">
      <Filter>Source Files</Filter>
    </ClCompile>
    <ClCompile Include="WorkstationPropertySheet.cpp">
      <Filter>Source Files</Filter>
    </ClCompile>
    <ClCompile Include="..\..\Libraries\Application_Win95\mutexlib\Lock.cpp">
      <Filter>Source Files</Filter>
    </ClCompile>
    <ClCompile Include="BinMidBlocking.cpp">
      <Filter>Source Files</Filter>
    </ClCompile>
    <ClCompile Include="BlockingPosEntryModesSheet.cpp">
      <Filter>Source Files</Filter>
    </ClCompile>
    <ClCompile Include="BlockingPosEntryModesMainPage.cpp">
      <Filter>Source Files</Filter>
    </ClCompile>
    <ClCompile Include="BlockingPosEntryModesGeneralPage.cpp">
      <Filter>Source Files</Filter>
    </ClCompile>
    <ClCompile Include="MC3DSecureOBSauthenticationSheet.cpp">
      <Filter>Source Files</Filter>
    </ClCompile>
    <ClCompile Include="MC3DSecureOBSAuthenticationMain.cpp">
      <Filter>Source Files</Filter>
    </ClCompile>
    <ClCompile Include="Visa3DS2ConfigMain.cpp">
      <Filter>Source Files</Filter>
    </ClCompile>
    <ClCompile Include="Visa3DS2PropertySheet.cpp">
      <Filter>Source Files</Filter>
    </ClCompile>
    <ClCompile Include="Amex3DS2PropertySheet.cpp">
      <Filter>Source Files</Filter>
    </ClCompile>
    <ClCompile Include="Amex3DS2ParameterDefinition.cpp">
      <Filter>Source Files</Filter>
    </ClCompile>
    <ClCompile Include="Cup3DS2ParameterDefinition.cpp">
      <Filter>Source Files</Filter>
    </ClCompile>
    <ClCompile Include="Cup3DS2PropertySheet.cpp">
      <Filter>Resource Files</Filter>
    </ClCompile>
    <ClCompile Include="Diners3DS2PropertySheet.cpp">
      <Filter>Source Files</Filter>
    </ClCompile>
    <ClCompile Include="Diners3DS2ParameterDefinition.cpp">
      <Filter>Source Files</Filter>
    </ClCompile>
    <ClCompile Include="Jcb3DS2PropertySheet.cpp">
      <Filter>Source Files</Filter>
    </ClCompile>
    <ClCompile Include="Jcb3DS2ParameterDefinition.cpp">
    </ClCompile>
    <ClCompile Include="FraudControlConfigureFraudRule.cpp">
      <Filter>Source Files</Filter>
    </ClCompile>
    <ClCompile Include="FraudControlFraudRuleSheet.cpp">
      <Filter>Source Files</Filter>
    </ClCompile>
    <ClCompile Include="FraudControlConfigureLinkSheet.cpp">
      <Filter>Source Files</Filter>
    </ClCompile>
    <ClCompile Include="FraudControlConfigureLinkMainPage.cpp">
      <Filter>Source Files</Filter>
    </ClCompile>
    <ClCompile Include="FraudControlConfigureFraudRuleGeneral.cpp">
      <Filter>Source Files</Filter>
    </ClCompile>
    <ClCompile Include="FraudControlConfigureLinkGeneralPage.cpp">
      <Filter>Source Files</Filter>
    </ClCompile>
    <ClCompile Include="RulesDefinitionPropertySheet.cpp">
      <Filter>Source Files</Filter>
    </ClCompile>
    <ClCompile Include="RulesDefinitionMain.cpp">
      <Filter>Source Files</Filter>
    </ClCompile>
    <ClCompile Include="RulesDefinitionProcessing.cpp">
      <Filter>Source Files</Filter>
    </ClCompile>
    <ClCompile Include="RulesExceptionList.cpp">
      <Filter>Source Files</Filter>
    </ClCompile>
    <ClCompile Include="ResetDcoMonitor.cpp">
      <Filter>Source Files</Filter>
    </ClCompile>
    <ClCompile Include="CurrencyCodeDefinition.cpp">
      <Filter>Source Files</Filter>
    </ClCompile>
    <ClCompile Include="CurrencyCodePropertySheet.cpp">
      <Filter>Source Files</Filter>
    </ClCompile>
    <ClCompile Include="OnlinePINConfigureBDKKey.cpp">
      <Filter>Source Files</Filter>
    </ClCompile>
    <ClCompile Include="OnlinePINConfigureBDKKeyGeneral.cpp">
      <Filter>Source Files</Filter>
    </ClCompile>
    <ClCompile Include="OnlinePINControlBDKKeySheet.cpp">
      <Filter>Source Files</Filter>
    </ClCompile>
    <ClCompile Include="CardsKeyblockDefinition.cpp">
      <Filter>Source Files</Filter>
    </ClCompile>
    <ClCompile Include="CardsKeyblockprocessing.cpp">
      <Filter>Source Files</Filter>
    </ClCompile>
    <ClCompile Include="CardsKeyblockPropertySheet.cpp">
      <Filter>Source Files</Filter>
    </ClCompile>
    <ClCompile Include="networkkeyblockdefinition.cpp">
      <Filter>Source Files</Filter>
    </ClCompile>
    <ClCompile Include="networkkeyblockgeneral.cpp">
      <Filter>Source Files</Filter>
    </ClCompile>
    <ClCompile Include="NetworkKeyblockPropertySheet.cpp">
      <Filter>Source Files</Filter>
    </ClCompile>
  </ItemGroup>
  <ItemGroup>
    <ResourceCompile Include="Atp.rc">
      <Filter>Source Files</Filter>
    </ResourceCompile>
  </ItemGroup>
  <ItemGroup>
    <ClInclude Include="AlphaLookup.h">
      <Filter>Header Files</Filter>
    </ClInclude>
    <ClInclude Include="AMEXUPDATES1.h">
      <Filter>Header Files</Filter>
    </ClInclude>
    <ClInclude Include="APPDLG.H">
      <Filter>Header Files</Filter>
    </ClInclude>
    <ClInclude Include="ArchiveDBPasswords.h">
      <Filter>Header Files</Filter>
    </ClInclude>
    <ClInclude Include="Atp.H">
      <Filter>Header Files</Filter>
    </ClInclude>
    <ClInclude Include="AtpDOC.H">
      <Filter>Header Files</Filter>
    </ClInclude>
    <ClInclude Include="ATPTimedDialog.h">
      <Filter>Header Files</Filter>
    </ClInclude>
    <ClInclude Include="AtpVIEW.H">
      <Filter>Header Files</Filter>
    </ClInclude>
    <ClInclude Include="BatchDetails.h">
      <Filter>Header Files</Filter>
    </ClInclude>
    <ClInclude Include="BinBlocking.h">
      <Filter>Header Files</Filter>
    </ClInclude>
    <ClInclude Include="BinDefinition.h">
      <Filter>Header Files</Filter>
    </ClInclude>
    <ClInclude Include="BinGeneral.h">
      <Filter>Header Files</Filter>
    </ClInclude>
    <ClInclude Include="BinList.h">
      <Filter>Header Files</Filter>
    </ClInclude>
    <ClInclude Include="BinMccBlocking.h">
      <Filter>Header Files</Filter>
    </ClInclude>
    <ClInclude Include="BinPropertySheet.h">
      <Filter>Header Files</Filter>
    </ClInclude>
    <ClInclude Include="CalendarButton.h">
      <Filter>Header Files</Filter>
    </ClInclude>
    <ClInclude Include="CalendarPage.h">
      <Filter>Header Files</Filter>
    </ClInclude>
    <ClInclude Include="CalendarSheet.h">
      <Filter>Header Files</Filter>
    </ClInclude>
    <ClInclude Include="CardDefinition.h">
      <Filter>Header Files</Filter>
    </ClInclude>
    <ClInclude Include="cardplusdata.h">
      <Filter>Header Files</Filter>
    </ClInclude>
    <ClInclude Include="CardPlusMain.h">
      <Filter>Header Files</Filter>
    </ClInclude>
    <ClInclude Include="CardPlusPropSheet.h">
      <Filter>Header Files</Filter>
    </ClInclude>
    <ClInclude Include="CardsFleetDefinition.h">
      <Filter>Header Files</Filter>
    </ClInclude>
    <ClInclude Include="CardsMerchantLimit.h">
      <Filter>Header Files</Filter>
    </ClInclude>
    <ClInclude Include="cardspinverification.h">
      <Filter>Header Files</Filter>
    </ClInclude>
    <ClInclude Include="CardsPinVerifVisa.h">
      <Filter>Header Files</Filter>
    </ClInclude>
    <ClInclude Include="cardsprocessing.h">
      <Filter>Header Files</Filter>
    </ClInclude>
    <ClInclude Include="CardsProfile.h">
      <Filter>Header Files</Filter>
    </ClInclude>
    <ClInclude Include="CardStatRec.h">
      <Filter>Header Files</Filter>
    </ClInclude>
    <ClInclude Include="CardStatus.h">
      <Filter>Header Files</Filter>
    </ClInclude>
    <ClInclude Include="CardsTime1.h">
      <Filter>Header Files</Filter>
    </ClInclude>
    <ClInclude Include="CardsTime2.h">
      <Filter>Header Files</Filter>
    </ClInclude>
    <ClInclude Include="CardsTime3a.h">
      <Filter>Header Files</Filter>
    </ClInclude>
    <ClInclude Include="CardsVelocity.h">
      <Filter>Header Files</Filter>
    </ClInclude>
    <ClInclude Include="CardTypeDescription.h">
      <Filter>Header Files</Filter>
    </ClInclude>
    <ClInclude Include="CardTypePropertySheet.h">
      <Filter>Header Files</Filter>
    </ClInclude>
    <ClInclude Include="CashBonus.h">
      <Filter>Header Files</Filter>
    </ClInclude>
    <ClInclude Include="CB_Amounts.h">
      <Filter>Header Files</Filter>
    </ClInclude>
    <ClInclude Include="CB_Definition.h">
      <Filter>Header Files</Filter>
    </ClInclude>
    <ClInclude Include="CB_General.h">
      <Filter>Header Files</Filter>
    </ClInclude>
    <ClInclude Include="CB_PropertySheet.h">
      <Filter>Header Files</Filter>
    </ClInclude>
    <ClInclude Include="CFActivity.h">
      <Filter>Header Files</Filter>
    </ClInclude>
    <ClInclude Include="CFCapability.h">
      <Filter>Header Files</Filter>
    </ClInclude>
    <ClInclude Include="CFCardBalAcc.h">
      <Filter>Header Files</Filter>
    </ClInclude>
    <ClInclude Include="cfdemogr.h">
      <Filter>Header Files</Filter>
    </ClInclude>
    <ClInclude Include="cfgeneral.h">
      <Filter>Header Files</Filter>
    </ClInclude>
    <ClInclude Include="CFMAIN.H">
      <Filter>Header Files</Filter>
    </ClInclude>
    <ClInclude Include="CFMerchUsage.h">
      <Filter>Header Files</Filter>
    </ClInclude>
    <ClInclude Include="CFSHEET.H">
      <Filter>Header Files</Filter>
    </ClInclude>
    <ClInclude Include="CFTxHistory.h">
      <Filter>Header Files</Filter>
    </ClInclude>
    <ClInclude Include="ChangeHistory.h">
      <Filter>Header Files</Filter>
    </ClInclude>
    <ClInclude Include="ChangePassword.h">
      <Filter>Header Files</Filter>
    </ClInclude>
    <ClInclude Include="CntryAmtLimits.h">
      <Filter>Header Files</Filter>
    </ClInclude>
    <ClInclude Include="Conversion.h">
      <Filter>Header Files</Filter>
    </ClInclude>
    <ClInclude Include="ConversionPropertySheet.h">
      <Filter>Header Files</Filter>
    </ClInclude>
    <ClInclude Include="CreditPropertySheet.h">
      <Filter>Header Files</Filter>
    </ClInclude>
    <ClInclude Include="CurrencyCode.h">
      <Filter>Header Files</Filter>
    </ClInclude>
    <ClInclude Include="DAY.H">
      <Filter>Header Files</Filter>
    </ClInclude>
    <ClInclude Include="DBPasswords.h">
      <Filter>Header Files</Filter>
    </ClInclude>
    <ClInclude Include="DBPasswordsPropertySheet.h">
      <Filter>Header Files</Filter>
    </ClInclude>
    <ClInclude Include="DebitPropertySheet.h">
      <Filter>Header Files</Filter>
    </ClInclude>
    <ClInclude Include="DeferredDefinition.h">
      <Filter>Header Files</Filter>
    </ClInclude>
    <ClInclude Include="DeferredGeneral.h">
      <Filter>Header Files</Filter>
    </ClInclude>
    <ClInclude Include="DeferredPropertySheet.h">
      <Filter>Header Files</Filter>
    </ClInclude>
    <ClInclude Include="DialogCommSetup.h">
      <Filter>Header Files</Filter>
    </ClInclude>
    <ClInclude Include="DialogConfig.h">
      <Filter>Header Files</Filter>
    </ClInclude>
    <ClInclude Include="DialogMain.h">
      <Filter>Header Files</Filter>
    </ClInclude>
    <ClInclude Include="DialogPropertySheet.h">
      <Filter>Header Files</Filter>
    </ClInclude>
    <ClInclude Include="DialogRouter.h">
      <Filter>Header Files</Filter>
    </ClInclude>
    <ClInclude Include="DialogTpdu.h">
      <Filter>Header Files</Filter>
    </ClInclude>
    <ClInclude Include="DualEncrKeyControl.h">
      <Filter>Header Files</Filter>
    </ClInclude>
    <ClInclude Include="DualEnKeyCtrlPropertySheet.h">
      <Filter>Header Files</Filter>
    </ClInclude>
    <ClInclude Include="FleetPropertySheet.h">
      <Filter>Header Files</Filter>
    </ClInclude>
    <ClInclude Include="font.h">
      <Filter>Header Files</Filter>
    </ClInclude>
    <ClInclude Include="FraudGuardDefinition.h">
      <Filter>Header Files</Filter>
    </ClInclude>
    <ClInclude Include="FraudGuardGeneral.h">
      <Filter>Header Files</Filter>
    </ClInclude>
    <ClInclude Include="FraudGuardPropertySheet.h">
      <Filter>Header Files</Filter>
    </ClInclude>
    <ClInclude Include="groupaccess.h">
      <Filter>Header Files</Filter>
    </ClInclude>
    <ClInclude Include="groupdefinition.h">
      <Filter>Header Files</Filter>
    </ClInclude>
    <ClInclude Include="grouppropertysheet.h">
      <Filter>Header Files</Filter>
    </ClInclude>
    <ClInclude Include="groupworkstation.h">
      <Filter>Header Files</Filter>
    </ClInclude>
    <ClInclude Include="IdleLoginfrm.h">
      <Filter>Header Files</Filter>
    </ClInclude>
    <ClInclude Include="JCBUPDATES.h">
      <Filter>Header Files</Filter>
    </ClInclude>
    <ClInclude Include="JobDefDlg.h">
      <Filter>Header Files</Filter>
    </ClInclude>
    <ClInclude Include="JOBDLG.H">
      <Filter>Header Files</Filter>
    </ClInclude>
    <ClInclude Include="ListExCtrl.h">
      <Filter>Header Files</Filter>
    </ClInclude>
    <ClInclude Include="Lock.h">
      <Filter>Header Files</Filter>
    </ClInclude>
    <ClInclude Include="LOGIN.H">
      <Filter>Header Files</Filter>
    </ClInclude>
    <ClInclude Include="MainFrm.h">
      <Filter>Header Files</Filter>
    </ClInclude>
    <ClInclude Include="MCC102.h">
      <Filter>Header Files</Filter>
    </ClInclude>
    <ClInclude Include="MCC103.h">
      <Filter>Header Files</Filter>
    </ClInclude>
    <ClInclude Include="MCCRangeDefinition.h">
      <Filter>Header Files</Filter>
    </ClInclude>
    <ClInclude Include="MENUTAB.H">
      <Filter>Header Files</Filter>
    </ClInclude>
    <ClInclude Include="MerchantBlocking.h">
      <Filter>Header Files</Filter>
    </ClInclude>
    <ClInclude Include="MerchantCapabilities.h">
      <Filter>Header Files</Filter>
    </ClInclude>
    <ClInclude Include="MerchantContact.h">
      <Filter>Header Files</Filter>
    </ClInclude>
    <ClInclude Include="MerchantDefinition.h">
      <Filter>Header Files</Filter>
    </ClInclude>
    <ClInclude Include="MerchantGeneral.h">
      <Filter>Header Files</Filter>
    </ClInclude>
    <ClInclude Include="MerchantGroupDefinition.h">
      <Filter>Header Files</Filter>
    </ClInclude>
    <ClInclude Include="MerchantGroupDefinitionSheet.h">
      <Filter>Header Files</Filter>
    </ClInclude>
    <ClInclude Include="MerchantGroupGeneral.h">
      <Filter>Header Files</Filter>
    </ClInclude>
    <ClInclude Include="MerchantLocation.h">
      <Filter>Header Files</Filter>
    </ClInclude>
    <ClInclude Include="MerchantPayParam.h">
      <Filter>Header Files</Filter>
    </ClInclude>
    <ClInclude Include="MerchantPayParamDefinition.h">
      <Filter>Header Files</Filter>
    </ClInclude>
    <ClInclude Include="MerchantPayParamSheet.h">
      <Filter>Header Files</Filter>
    </ClInclude>
    <ClInclude Include="MerchantPropertySheet.h">
      <Filter>Header Files</Filter>
    </ClInclude>
    <ClInclude Include="MerchantSettlement.h">
      <Filter>Header Files</Filter>
    </ClInclude>
    <ClInclude Include="MerchantTerminalBatchHistory.h">
      <Filter>Header Files</Filter>
    </ClInclude>
    <ClInclude Include="MerchantTerminalConfig.h">
      <Filter>Header Files</Filter>
    </ClInclude>
    <ClInclude Include="MerchantTerminalCUPCurrentBatch.h">
      <Filter>Header Files</Filter>
    </ClInclude>
    <ClInclude Include="MerchantTerminalCurrentBatch.h">
      <Filter>Header Files</Filter>
    </ClInclude>
    <ClInclude Include="MerchantTerminalGeneral.h">
      <Filter>Header Files</Filter>
    </ClInclude>
    <ClInclude Include="MerchantTerminalKeys.h">
      <Filter>Header Files</Filter>
    </ClInclude>
    <ClInclude Include="MerchantTerminalPoints.h">
      <Filter>Header Files</Filter>
    </ClInclude>
    <ClInclude Include="MerchantTerminalPropertySheet.h">
      <Filter>Header Files</Filter>
    </ClInclude>
    <ClInclude Include="MerchantVelocity.h">
      <Filter>Header Files</Filter>
    </ClInclude>
    <ClInclude Include="MraDBPasswords.h">
      <Filter>Header Files</Filter>
    </ClInclude>
    <ClInclude Include="msmask.h">
      <Filter>Header Files</Filter>
    </ClInclude>
    <ClInclude Include="MYUTILS.H">
      <Filter>Header Files</Filter>
    </ClInclude>
    <ClInclude Include="NAMELIST.H">
      <Filter>Header Files</Filter>
    </ClInclude>
    <ClInclude Include="NegativeBinRange.h">
      <Filter>Header Files</Filter>
    </ClInclude>
    <ClInclude Include="NegativeCardFileControl.h">
      <Filter>Header Files</Filter>
    </ClInclude>
    <ClInclude Include="NegativeCardFileControlPropertySheet.h">
      <Filter>Header Files</Filter>
    </ClInclude>
    <ClInclude Include="NegativeFileDefinition.h">
      <Filter>Header Files</Filter>
    </ClInclude>
    <ClInclude Include="NegativeGroupInfo.h">
      <Filter>Header Files</Filter>
    </ClInclude>
    <ClInclude Include="NegativeGroupPropertySheet.h">
      <Filter>Header Files</Filter>
    </ClInclude>
    <ClInclude Include="NetworkAcquirerPropertySheet.h">
      <Filter>Header Files</Filter>
    </ClInclude>
    <ClInclude Include="networkdefinition.h">
      <Filter>Header Files</Filter>
    </ClInclude>
    <ClInclude Include="networkgeneral.h">
      <Filter>Header Files</Filter>
    </ClInclude>
    <ClInclude Include="networkgeneral1.h">
      <Filter>Header Files</Filter>
    </ClInclude>
    <ClInclude Include="NetworkIssuerPropertySheet.h">
      <Filter>Header Files</Filter>
    </ClInclude>
    <ClInclude Include="NetworkLogon.h">
      <Filter>Header Files</Filter>
    </ClInclude>
    <ClInclude Include="NetworkProcessing.h">
      <Filter>Header Files</Filter>
    </ClInclude>
    <ClInclude Include="NetworkTotals.h">
      <Filter>Header Files</Filter>
    </ClInclude>
    <ClInclude Include="OverrideMerchantDenial.h">
      <Filter>Header Files</Filter>
    </ClInclude>
    <ClInclude Include="OverrideMerchantDenialPropertySheet.h">
      <Filter>Header Files</Filter>
    </ClInclude>
    <ClInclude Include="PanDemogrPage.h">
      <Filter>Header Files</Filter>
    </ClInclude>
    <ClInclude Include="PanMainPage.h">
      <Filter>Header Files</Filter>
    </ClInclude>
    <ClInclude Include="PanProcesPage.h">
      <Filter>Header Files</Filter>
    </ClInclude>
    <ClInclude Include="PanPropertySheet.h">
      <Filter>Header Files</Filter>
    </ClInclude>
    <ClInclude Include="PanTxPage.h">
      <Filter>Header Files</Filter>
    </ClInclude>
    <ClInclude Include="picture.h">
      <Filter>Header Files</Filter>
    </ClInclude>
    <ClInclude Include="PosEntryModesListDlg.h">
      <Filter>Header Files</Filter>
    </ClInclude>
    <ClInclude Include="ProfileDlg.h">
      <Filter>Header Files</Filter>
    </ClInclude>
    <ClInclude Include="PurchaseCardDefinition.h">
      <Filter>Header Files</Filter>
    </ClInclude>
    <ClInclude Include="PurchaseCardGeneral.h">
      <Filter>Header Files</Filter>
    </ClInclude>
    <ClInclude Include="PurchaseCardPropertySheet.h">
      <Filter>Header Files</Filter>
    </ClInclude>
    <ClInclude Include="RelatedDefinition.h">
      <Filter>Header Files</Filter>
    </ClInclude>
    <ClInclude Include="relatedgeneral.h">
      <Filter>Header Files</Filter>
    </ClInclude>
    <ClInclude Include="RelatedPropertySheet.h">
      <Filter>Header Files</Filter>
    </ClInclude>
    <ClInclude Include="resource.h">
      <Filter>Header Files</Filter>
    </ClInclude>
    <ClInclude Include="SchedulerConfig.h">
      <Filter>Header Files</Filter>
    </ClInclude>
    <ClInclude Include="SchedulerPropertySheet.h">
      <Filter>Header Files</Filter>
    </ClInclude>
    <ClInclude Include="SchSearch.h">
      <Filter>Header Files</Filter>
    </ClInclude>
    <ClInclude Include="SCHTYPES.H">
      <Filter>Header Files</Filter>
    </ClInclude>
    <ClInclude Include="SettleFileDefinition.h">
      <Filter>Header Files</Filter>
    </ClInclude>
    <ClInclude Include="SettleFilePropertySheet.h">
      <Filter>Header Files</Filter>
    </ClInclude>
    <ClInclude Include="SettlePrefixTime.h">
      <Filter>Header Files</Filter>
    </ClInclude>
    <ClInclude Include="SharedMem.h">
      <Filter>Header Files</Filter>
    </ClInclude>
    <ClInclude Include="ShedulerControl.h">
      <Filter>Header Files</Filter>
    </ClInclude>
    <ClInclude Include="SRVCCOMM.H">
      <Filter>Header Files</Filter>
    </ClInclude>
    <ClInclude Include="SRVCINFO.H">
      <Filter>Header Files</Filter>
    </ClInclude>
    <ClInclude Include="SRVCMGR.H">
      <Filter>Header Files</Filter>
    </ClInclude>
    <ClInclude Include="StdAfx.h">
      <Filter>Header Files</Filter>
    </ClInclude>
    <ClInclude Include="SystemGlobalParameterDefinition.h">
      <Filter>Header Files</Filter>
    </ClInclude>
    <ClInclude Include="SystemGlobalParameterSheet.h">
      <Filter>Header Files</Filter>
    </ClInclude>
    <ClInclude Include="TerminalAutoInit.h">
      <Filter>Header Files</Filter>
    </ClInclude>
    <ClInclude Include="TerminalCapabilities.h">
      <Filter>Header Files</Filter>
    </ClInclude>
    <ClInclude Include="TerminalValidTransactions.h">
      <Filter>Header Files</Filter>
    </ClInclude>
    <ClInclude Include="TransactionDetails.h">
      <Filter>Header Files</Filter>
    </ClInclude>
    <ClInclude Include="TXUTILS.H">
      <Filter>Header Files</Filter>
    </ClInclude>
    <ClInclude Include="UserAccess.h">
      <Filter>Header Files</Filter>
    </ClInclude>
    <ClInclude Include="UserAccountStatus.h">
      <Filter>Header Files</Filter>
    </ClInclude>
    <ClInclude Include="UserAuditLog1.h">
      <Filter>Header Files</Filter>
    </ClInclude>
    <ClInclude Include="UserDefinition.h">
      <Filter>Header Files</Filter>
    </ClInclude>
    <ClInclude Include="UserPropertySheet.h">
      <Filter>Header Files</Filter>
    </ClInclude>
    <ClInclude Include="UsersList.h">
      <Filter>Header Files</Filter>
    </ClInclude>
    <ClInclude Include="UserWorkstation.h">
      <Filter>Header Files</Filter>
    </ClInclude>
    <ClInclude Include="VoiceAuthInput.h">
      <Filter>Header Files</Filter>
    </ClInclude>
    <ClInclude Include="VoiceAuthResponse.h">
      <Filter>Header Files</Filter>
    </ClInclude>
    <ClInclude Include="WorkstationDefinition.h">
      <Filter>Header Files</Filter>
    </ClInclude>
    <ClInclude Include="WorkstationDescription.h">
      <Filter>Header Files</Filter>
    </ClInclude>
    <ClInclude Include="WorkstationPropertySheet.h">
      <Filter>Header Files</Filter>
    </ClInclude>
    <ClInclude Include="BinMidBlocking.h">
      <Filter>Header Files</Filter>
    </ClInclude>
    <ClInclude Include="BlockingPosEntryModesSheet.h">
      <Filter>Header Files</Filter>
    </ClInclude>
    <ClInclude Include="BlockingPosEntryModesMainPage.h">
      <Filter>Header Files</Filter>
    </ClInclude>
    <ClInclude Include="BlockingPosEntryModesGeneralPage.h">
      <Filter>Header Files</Filter>
    </ClInclude>
    <ClInclude Include="MC3DSecureOBSAuthenticationSheet.h">
      <Filter>Header Files</Filter>
    </ClInclude>
    <ClInclude Include="MC3DSecureOBSAuthenticationMain.h">
      <Filter>Header Files</Filter>
    </ClInclude>
    <ClInclude Include="Visa3DS2ConfigMain.h">
      <Filter>Header Files</Filter>
    </ClInclude>
    <ClInclude Include="Visa3DS2ConfigPropertySheet.h">
      <Filter>Header Files</Filter>
    </ClInclude>
    <ClInclude Include="Amex3DS2ParameterDefinition.h">
      <Filter>Header Files</Filter>
    </ClInclude>
    <ClInclude Include="Amex3DS2PropertySheet.h">
      <Filter>Header Files</Filter>
    </ClInclude>
    <ClInclude Include="Cup3DS2ParameterDefinition.h">
      <Filter>Header Files</Filter>
    </ClInclude>
    <ClInclude Include="Cup3DS2PropertySheet.h">
      <Filter>Header Files</Filter>
    </ClInclude>
    <ClInclude Include="Diners3DS2PropertySheet.h">
      <Filter>Header Files</Filter>
    </ClInclude>
    <ClInclude Include="Diners3DS2ParameterDefinition.h">
      <Filter>Header Files</Filter>
    </ClInclude>
    <ClInclude Include="Jcb3DS2ParameterDefinition.h">
      <Filter>Header Files</Filter>
    </ClInclude>
    <ClInclude Include="Jcb3DS2PropertySheet.h">
    </ClInclude>
    <ClInclude Include="FraudControlConfigureFraudRuleGeneral.h">
      <Filter>Header Files</Filter>
    </ClInclude>
    <ClInclude Include="FraudControlFraudRuleSheet.h">
      <Filter>Header Files</Filter>
    </ClInclude>
    <ClInclude Include="FraudControlConfigureLinkSheet.h">
      <Filter>Header Files</Filter>
    </ClInclude>
    <ClInclude Include="FraudControlConfigureLinkMainPage.h">
      <Filter>Header Files</Filter>
    </ClInclude>
    <ClInclude Include="FraudControlConfigureLinkGeneralPage.h">
      <Filter>Header Files</Filter>
    </ClInclude>
    <ClInclude Include="RulesDefinitionMain.h">
      <Filter>Header Files</Filter>
    </ClInclude>
    <ClInclude Include="RulesDefinitionpropertySheet.h">
      <Filter>Header Files</Filter>
    </ClInclude>
    <ClInclude Include="RulesDefinitionProcessing.h">
      <Filter>Header Files</Filter>
    </ClInclude>
    <ClInclude Include="RulesExceptionList.h">
      <Filter>Header Files</Filter>
    </ClInclude>
    <ClInclude Include="FraudControlConfigureFraudRule.h">
      <Filter>Header Files</Filter>
    </ClInclude>
    <ClInclude Include="ResetDcoMonitor.h">
      <Filter>Header Files</Filter>
    </ClInclude>
    <ClInclude Include="CurrencyCodeDefinition.h">
      <Filter>Header Files</Filter>
    </ClInclude>
    <ClInclude Include="CurrencyCodePropertySheet.h">
      <Filter>Header Files</Filter>
    </ClInclude>
    <ClInclude Include="OnlinePINConfigureBDKKey.h">
      <Filter>Header Files</Filter>
    </ClInclude>
    <ClInclude Include="OnlinePINConfigureBDKKeyGeneral.h">
      <Filter>Header Files</Filter>
    </ClInclude>
    <ClInclude Include="OnlinePINControlBDKKeySheet.h">
      <Filter>Header Files</Filter>
    </ClInclude>
    <ClInclude Include="CardsKeyblockDefinition.h">
      <Filter>Header Files</Filter>
    </ClInclude>
    <ClInclude Include="CardsKeyblockprocessing.h">
      <Filter>Header Files</Filter>
    </ClInclude>
    <ClInclude Include="CardsKeyblockPropertySheet.h">
      <Filter>Header Files</Filter>
    </ClInclude>
    <ClInclude Include="networkkeyblockdefinition.h">
      <Filter>Header Files</Filter>
    </ClInclude>
    <ClInclude Include="networkkeyblockgeneral.h">
      <Filter>Header Files</Filter>
    </ClInclude>
    <ClInclude Include="NetworkKeyblockPropertySheet.h">
      <Filter>Header Files</Filter>
    </ClInclude>
  </ItemGroup>
  <ItemGroup>
    <CustomBuild Include="hlp\Atp.hpj">
      <Filter>Source Files</Filter>
    </CustomBuild>
    <CustomBuild Include="ReadMe.txt">
      <Filter>Source Files</Filter>
    </CustomBuild>
    <CustomBuild Include="resource.hm">
      <Filter>Header Files</Filter>
    </CustomBuild>
    <CustomBuild Include="res\Atp.rc2">
      <Filter>Resource Files</Filter>
    </CustomBuild>
    <CustomBuild Include="res\AtpDoc.ico">
      <Filter>Resource Files</Filter>
    </CustomBuild>
    <CustomBuild Include="res\bdo.ico">
      <Filter>Resource Files</Filter>
    </CustomBuild>
    <CustomBuild Include="res\bdo2 - Copy.ico">
      <Filter>Resource Files</Filter>
    </CustomBuild>
    <CustomBuild Include="res\cursor1.cur">
      <Filter>Resource Files</Filter>
    </CustomBuild>
    <CustomBuild Include="res\ico00001.ico">
      <Filter>Resource Files</Filter>
    </CustomBuild>
    <CustomBuild Include="res\icon1.ico">
      <Filter>Resource Files</Filter>
    </CustomBuild>
    <CustomBuild Include="res\logo2.bmp">
      <Filter>Resource Files</Filter>
    </CustomBuild>
    <CustomBuild Include="res\Toolbar.bmp">
      <Filter>Resource Files</Filter>
    </CustomBuild>
    <CustomBuild Include="a.txt" />
    <CustomBuild Include="res\manifest.xml" />
    <CustomBuild Include="SharedMem.asp" />
  </ItemGroup>
  <ItemGroup>
    <None Include="ClassDiagram1.cd" />
  </ItemGroup>
</Project>